// !$*UTF8*$!
{
	archiveVersion = 1;
	classes = {
	};
	objectVersion = 46;
	objects = {

/* Begin PBXBuildFile section */
		280BCEEC1C42A5DD006FF051 /* main.m in Sources */ = {isa = PBXBuildFile; fileRef = 280BCEEB1C42A5DD006FF051 /* main.m */; };
		280BCEEF1C42A5DD006FF051 /* AppDelegate.m in Sources */ = {isa = PBXBuildFile; fileRef = 280BCEEE1C42A5DD006FF051 /* AppDelegate.m */; };
		280BCEF21C42A5DD006FF051 /* ViewController.m in Sources */ = {isa = PBXBuildFile; fileRef = 280BCEF11C42A5DD006FF051 /* ViewController.m */; };
		280BCEF51C42A5DD006FF051 /* Main.storyboard in Resources */ = {isa = PBXBuildFile; fileRef = 280BCEF31C42A5DD006FF051 /* Main.storyboard */; };
		280BCEF71C42A5DD006FF051 /* Assets.xcassets in Resources */ = {isa = PBXBuildFile; fileRef = 280BCEF61C42A5DD006FF051 /* Assets.xcassets */; };
		280BCEFA1C42A5DD006FF051 /* LaunchScreen.storyboard in Resources */ = {isa = PBXBuildFile; fileRef = 280BCEF81C42A5DD006FF051 /* LaunchScreen.storyboard */; };
		280BCF051C42A5DD006FF051 /* testGitTests.m in Sources */ = {isa = PBXBuildFile; fileRef = 280BCF041C42A5DD006FF051 /* testGitTests.m */; };
		280BCF101C42A5DD006FF051 /* testGitUITests.m in Sources */ = {isa = PBXBuildFile; fileRef = 280BCF0F1C42A5DD006FF051 /* testGitUITests.m */; };
/* End PBXBuildFile section */

/* Begin PBXContainerItemProxy section */
		280BCF011C42A5DD006FF051 /* PBXContainerItemProxy */ = {
			isa = PBXContainerItemProxy;
			containerPortal = 280BCEDF1C42A5DD006FF051 /* Project object */;
			proxyType = 1;
			remoteGlobalIDString = 280BCEE61C42A5DD006FF051;
			remoteInfo = testGit;
		};
		280BCF0C1C42A5DD006FF051 /* PBXContainerItemProxy */ = {
			isa = PBXContainerItemProxy;
			containerPortal = 280BCEDF1C42A5DD006FF051 /* Project object */;
			proxyType = 1;
			remoteGlobalIDString = 280BCEE61C42A5DD006FF051;
			remoteInfo = testGit;
		};
/* End PBXContainerItemProxy section */

/* Begin PBXFileReference section */
		280BCEE71C42A5DD006FF051 /* testGit.app */ = {isa = PBXFileReference; explicitFileType = wrapper.application; includeInIndex = 0; path = testGit.app; sourceTree = BUILT_PRODUCTS_DIR; };
		280BCEEB1C42A5DD006FF051 /* main.m */ = {isa = PBXFileReference; lastKnownFileType = sourcecode.c.objc; path = main.m; sourceTree = "<group>"; };
		280BCEED1C42A5DD006FF051 /* AppDelegate.h */ = {isa = PBXFileReference; lastKnownFileType = sourcecode.c.h; path = AppDelegate.h; sourceTree = "<group>"; };
		280BCEEE1C42A5DD006FF051 /* AppDelegate.m */ = {isa = PBXFileReference; lastKnownFileType = sourcecode.c.objc; path = AppDelegate.m; sourceTree = "<group>"; };
		280BCEF01C42A5DD006FF051 /* ViewController.h */ = {isa = PBXFileReference; lastKnownFileType = sourcecode.c.h; path = ViewController.h; sourceTree = "<group>"; };
		280BCEF11C42A5DD006FF051 /* ViewController.m */ = {isa = PBXFileReference; lastKnownFileType = sourcecode.c.objc; path = ViewController.m; sourceTree = "<group>"; };
		280BCEF41C42A5DD006FF051 /* Base */ = {isa = PBXFileReference; lastKnownFileType = file.storyboard; name = Base; path = Base.lproj/Main.storyboard; sourceTree = "<group>"; };
		280BCEF61C42A5DD006FF051 /* Assets.xcassets */ = {isa = PBXFileReference; lastKnownFileType = folder.assetcatalog; path = Assets.xcassets; sourceTree = "<group>"; };
		280BCEF91C42A5DD006FF051 /* Base */ = {isa = PBXFileReference; lastKnownFileType = file.storyboard; name = Base; path = Base.lproj/LaunchScreen.storyboard; sourceTree = "<group>"; };
		280BCEFB1C42A5DD006FF051 /* Info.plist */ = {isa = PBXFileReference; lastKnownFileType = text.plist.xml; path = Info.plist; sourceTree = "<group>"; };
		280BCF001C42A5DD006FF051 /* testGitTests.xctest */ = {isa = PBXFileReference; explicitFileType = wrapper.cfbundle; includeInIndex = 0; path = testGitTests.xctest; sourceTree = BUILT_PRODUCTS_DIR; };
		280BCF041C42A5DD006FF051 /* testGitTests.m */ = {isa = PBXFileReference; lastKnownFileType = sourcecode.c.objc; path = testGitTests.m; sourceTree = "<group>"; };
		280BCF061C42A5DD006FF051 /* Info.plist */ = {isa = PBXFileReference; lastKnownFileType = text.plist.xml; path = Info.plist; sourceTree = "<group>"; };
		280BCF0B1C42A5DD006FF051 /* testGitUITests.xctest */ = {isa = PBXFileReference; explicitFileType = wrapper.cfbundle; includeInIndex = 0; path = testGitUITests.xctest; sourceTree = BUILT_PRODUCTS_DIR; };
		280BCF0F1C42A5DD006FF051 /* testGitUITests.m */ = {isa = PBXFileReference; lastKnownFileType = sourcecode.c.objc; path = testGitUITests.m; sourceTree = "<group>"; };
		280BCF111C42A5DD006FF051 /* Info.plist */ = {isa = PBXFileReference; lastKnownFileType = text.plist.xml; path = Info.plist; sourceTree = "<group>"; };
/* End PBXFileReference section */

/* Begin PBXFrameworksBuildPhase section */
		280BCEE41C42A5DD006FF051 /* Frameworks */ = {
			isa = PBXFrameworksBuildPhase;
			buildActionMask = 2147483647;
			files = (
			);
			runOnlyForDeploymentPostprocessing = 0;
		};
		280BCEFD1C42A5DD006FF051 /* Frameworks */ = {
			isa = PBXFrameworksBuildPhase;
			buildActionMask = 2147483647;
			files = (
			);
			runOnlyForDeploymentPostprocessing = 0;
		};
		280BCF081C42A5DD006FF051 /* Frameworks */ = {
			isa = PBXFrameworksBuildPhase;
			buildActionMask = 2147483647;
			files = (
			);
			runOnlyForDeploymentPostprocessing = 0;
		};
/* End PBXFrameworksBuildPhase section */

/* Begin PBXGroup section */
		280BCEDE1C42A5DD006FF051 = {
			isa = PBXGroup;
			children = (
				280BCEE91C42A5DD006FF051 /* testGit */,
				280BCF031C42A5DD006FF051 /* testGitTests */,
				280BCF0E1C42A5DD006FF051 /* testGitUITests */,
				280BCEE81C42A5DD006FF051 /* Products */,
			);
			sourceTree = "<group>";
		};
		280BCEE81C42A5DD006FF051 /* Products */ = {
			isa = PBXGroup;
			children = (
				280BCEE71C42A5DD006FF051 /* testGit.app */,
				280BCF001C42A5DD006FF051 /* testGitTests.xctest */,
				280BCF0B1C42A5DD006FF051 /* testGitUITests.xctest */,
			);
			name = Products;
			sourceTree = "<group>";
		};
		280BCEE91C42A5DD006FF051 /* testGit */ = {
			isa = PBXGroup;
			children = (
				280BCEED1C42A5DD006FF051 /* AppDelegate.h */,
				280BCEEE1C42A5DD006FF051 /* AppDelegate.m */,
				280BCEF01C42A5DD006FF051 /* ViewController.h */,
				280BCEF11C42A5DD006FF051 /* ViewController.m */,
				280BCEF31C42A5DD006FF051 /* Main.storyboard */,
				280BCEF61C42A5DD006FF051 /* Assets.xcassets */,
				280BCEF81C42A5DD006FF051 /* LaunchScreen.storyboard */,
				280BCEFB1C42A5DD006FF051 /* Info.plist */,
				280BCEEA1C42A5DD006FF051 /* Supporting Files */,
			);
			path = testGit;
			sourceTree = "<group>";
		};
		280BCEEA1C42A5DD006FF051 /* Supporting Files */ = {
			isa = PBXGroup;
			children = (
				280BCEEB1C42A5DD006FF051 /* main.m */,
			);
			name = "Supporting Files";
			sourceTree = "<group>";
		};
		280BCF031C42A5DD006FF051 /* testGitTests */ = {
			isa = PBXGroup;
			children = (
				280BCF041C42A5DD006FF051 /* testGitTests.m */,
				280BCF061C42A5DD006FF051 /* Info.plist */,
			);
			path = testGitTests;
			sourceTree = "<group>";
		};
		280BCF0E1C42A5DD006FF051 /* testGitUITests */ = {
			isa = PBXGroup;
			children = (
				280BCF0F1C42A5DD006FF051 /* testGitUITests.m */,
				280BCF111C42A5DD006FF051 /* Info.plist */,
			);
			path = testGitUITests;
			sourceTree = "<group>";
		};
/* End PBXGroup section */

/* Begin PBXNativeTarget section */
		280BCEE61C42A5DD006FF051 /* testGit */ = {
			isa = PBXNativeTarget;
			buildConfigurationList = 280BCF141C42A5DD006FF051 /* Build configuration list for PBXNativeTarget "testGit" */;
			buildPhases = (
				280BCEE31C42A5DD006FF051 /* Sources */,
				280BCEE41C42A5DD006FF051 /* Frameworks */,
				280BCEE51C42A5DD006FF051 /* Resources */,
			);
			buildRules = (
			);
			dependencies = (
			);
			name = testGit;
			productName = testGit;
			productReference = 280BCEE71C42A5DD006FF051 /* testGit.app */;
			productType = "com.apple.product-type.application";
		};
		280BCEFF1C42A5DD006FF051 /* testGitTests */ = {
			isa = PBXNativeTarget;
			buildConfigurationList = 280BCF171C42A5DD006FF051 /* Build configuration list for PBXNativeTarget "testGitTests" */;
			buildPhases = (
				280BCEFC1C42A5DD006FF051 /* Sources */,
				280BCEFD1C42A5DD006FF051 /* Frameworks */,
				280BCEFE1C42A5DD006FF051 /* Resources */,
			);
			buildRules = (
			);
			dependencies = (
				280BCF021C42A5DD006FF051 /* PBXTargetDependency */,
			);
			name = testGitTests;
			productName = testGitTests;
			productReference = 280BCF001C42A5DD006FF051 /* testGitTests.xctest */;
			productType = "com.apple.product-type.bundle.unit-test";
		};
		280BCF0A1C42A5DD006FF051 /* testGitUITests */ = {
			isa = PBXNativeTarget;
			buildConfigurationList = 280BCF1A1C42A5DD006FF051 /* Build configuration list for PBXNativeTarget "testGitUITests" */;
			buildPhases = (
				280BCF071C42A5DD006FF051 /* Sources */,
				280BCF081C42A5DD006FF051 /* Frameworks */,
				280BCF091C42A5DD006FF051 /* Resources */,
			);
			buildRules = (
			);
			dependencies = (
				280BCF0D1C42A5DD006FF051 /* PBXTargetDependency */,
			);
			name = testGitUITests;
			productName = testGitUITests;
			productReference = 280BCF0B1C42A5DD006FF051 /* testGitUITests.xctest */;
			productType = "com.apple.product-type.bundle.ui-testing";
		};
/* End PBXNativeTarget section */

/* Begin PBXProject section */
		280BCEDF1C42A5DD006FF051 /* Project object */ = {
			isa = PBXProject;
			attributes = {
				LastUpgradeCheck = 0710;
				ORGANIZATIONNAME = abc;
				TargetAttributes = {
					280BCEE61C42A5DD006FF051 = {
						CreatedOnToolsVersion = 7.1;
						DevelopmentTeam = NW4LFCFEQM;
					};
					280BCEFF1C42A5DD006FF051 = {
						CreatedOnToolsVersion = 7.1;
						DevelopmentTeam = NW4LFCFEQM;
						TestTargetID = 280BCEE61C42A5DD006FF051;
					};
					280BCF0A1C42A5DD006FF051 = {
						CreatedOnToolsVersion = 7.1;
						DevelopmentTeam = NW4LFCFEQM;
						TestTargetID = 280BCEE61C42A5DD006FF051;
					};
				};
			};
			buildConfigurationList = 280BCEE21C42A5DD006FF051 /* Build configuration list for PBXProject "testGit" */;
			compatibilityVersion = "Xcode 3.2";
			developmentRegion = English;
			hasScannedForEncodings = 0;
			knownRegions = (
				en,
				Base,
			);
			mainGroup = 280BCEDE1C42A5DD006FF051;
			productRefGroup = 280BCEE81C42A5DD006FF051 /* Products */;
			projectDirPath = "";
			projectRoot = "";
			targets = (
				280BCEE61C42A5DD006FF051 /* testGit */,
				280BCEFF1C42A5DD006FF051 /* testGitTests */,
				280BCF0A1C42A5DD006FF051 /* testGitUITests */,
			);
		};
/* End PBXProject section */

/* Begin PBXResourcesBuildPhase section */
		280BCEE51C42A5DD006FF051 /* Resources */ = {
			isa = PBXResourcesBuildPhase;
			buildActionMask = 2147483647;
			files = (
				280BCEFA1C42A5DD006FF051 /* LaunchScreen.storyboard in Resources */,
				280BCEF71C42A5DD006FF051 /* Assets.xcassets in Resources */,
				280BCEF51C42A5DD006FF051 /* Main.storyboard in Resources */,
			);
			runOnlyForDeploymentPostprocessing = 0;
		};
		280BCEFE1C42A5DD006FF051 /* Resources */ = {
			isa = PBXResourcesBuildPhase;
			buildActionMask = 2147483647;
			files = (
			);
			runOnlyForDeploymentPostprocessing = 0;
		};
		280BCF091C42A5DD006FF051 /* Resources */ = {
			isa = PBXResourcesBuildPhase;
			buildActionMask = 2147483647;
			files = (
			);
			runOnlyForDeploymentPostprocessing = 0;
		};
/* End PBXResourcesBuildPhase section */

/* Begin PBXSourcesBuildPhase section */
		280BCEE31C42A5DD006FF051 /* Sources */ = {
			isa = PBXSourcesBuildPhase;
			buildActionMask = 2147483647;
			files = (
				280BCEF21C42A5DD006FF051 /* ViewController.m in Sources */,
				280BCEEF1C42A5DD006FF051 /* AppDelegate.m in Sources */,
				280BCEEC1C42A5DD006FF051 /* main.m in Sources */,
			);
			runOnlyForDeploymentPostprocessing = 0;
		};
		280BCEFC1C42A5DD006FF051 /* Sources */ = {
			isa = PBXSourcesBuildPhase;
			buildActionMask = 2147483647;
			files = (
				280BCF051C42A5DD006FF051 /* testGitTests.m in Sources */,
			);
			runOnlyForDeploymentPostprocessing = 0;
		};
		280BCF071C42A5DD006FF051 /* Sources */ = {
			isa = PBXSourcesBuildPhase;
			buildActionMask = 2147483647;
			files = (
				280BCF101C42A5DD006FF051 /* testGitUITests.m in Sources */,
			);
			runOnlyForDeploymentPostprocessing = 0;
		};
/* End PBXSourcesBuildPhase section */

/* Begin PBXTargetDependency section */
		280BCF021C42A5DD006FF051 /* PBXTargetDependency */ = {
			isa = PBXTargetDependency;
			target = 280BCEE61C42A5DD006FF051 /* testGit */;
			targetProxy = 280BCF011C42A5DD006FF051 /* PBXContainerItemProxy */;
		};
		280BCF0D1C42A5DD006FF051 /* PBXTargetDependency */ = {
			isa = PBXTargetDependency;
			target = 280BCEE61C42A5DD006FF051 /* testGit */;
			targetProxy = 280BCF0C1C42A5DD006FF051 /* PBXContainerItemProxy */;
		};
/* End PBXTargetDependency section */

/* Begin PBXVariantGroup section */
		280BCEF31C42A5DD006FF051 /* Main.storyboard */ = {
			isa = PBXVariantGroup;
			children = (
				280BCEF41C42A5DD006FF051 /* Base */,
			);
			name = Main.storyboard;
			sourceTree = "<group>";
		};
		280BCEF81C42A5DD006FF051 /* LaunchScreen.storyboard */ = {
			isa = PBXVariantGroup;
			children = (
				280BCEF91C42A5DD006FF051 /* Base */,
			);
			name = LaunchScreen.storyboard;
			sourceTree = "<group>";
		};
/* End PBXVariantGroup section */

/* Begin XCBuildConfiguration section */
		280BCF121C42A5DD006FF051 /* Debug */ = {
			isa = XCBuildConfiguration;
			buildSettings = {
				ALWAYS_SEARCH_USER_PATHS = NO;
				CLANG_CXX_LANGUAGE_STANDARD = "gnu++0x";
				CLANG_CXX_LIBRARY = "libc++";
				CLANG_ENABLE_MODULES = YES;
				CLANG_ENABLE_OBJC_ARC = YES;
				CLANG_WARN_BOOL_CONVERSION = YES;
				CLANG_WARN_CONSTANT_CONVERSION = YES;
				CLANG_WARN_DIRECT_OBJC_ISA_USAGE = YES_ERROR;
				CLANG_WARN_EMPTY_BODY = YES;
				CLANG_WARN_ENUM_CONVERSION = YES;
				CLANG_WARN_INT_CONVERSION = YES;
				CLANG_WARN_OBJC_ROOT_CLASS = YES_ERROR;
				CLANG_WARN_UNREACHABLE_CODE = YES;
				CLANG_WARN__DUPLICATE_METHOD_MATCH = YES;
				"CODE_SIGN_IDENTITY[sdk=iphoneos*]" = "iPhone Developer";
				COPY_PHASE_STRIP = NO;
				DEBUG_INFORMATION_FORMAT = dwarf;
				ENABLE_STRICT_OBJC_MSGSEND = YES;
				ENABLE_TESTABILITY = YES;
				GCC_C_LANGUAGE_STANDARD = gnu99;
				GCC_DYNAMIC_NO_PIC = NO;
				GCC_NO_COMMON_BLOCKS = YES;
				GCC_OPTIMIZATION_LEVEL = 0;
				GCC_PREPROCESSOR_DEFINITIONS = (
					"DEBUG=1",
					"$(inherited)",
				);
				GCC_WARN_64_TO_32_BIT_CONVERSION = YES;
				GCC_WARN_ABOUT_RETURN_TYPE = YES_ERROR;
				GCC_WARN_UNDECLARED_SELECTOR = YES;
				GCC_WARN_UNINITIALIZED_AUTOS = YES_AGGRESSIVE;
				GCC_WARN_UNUSED_FUNCTION = YES;
				GCC_WARN_UNUSED_VARIABLE = YES;
				IPHONEOS_DEPLOYMENT_TARGET = 9.1;
				MTL_ENABLE_DEBUG_INFO = YES;
				ONLY_ACTIVE_ARCH = YES;
				SDKROOT = iphoneos;
				TARGETED_DEVICE_FAMILY = "1,2";
			};
			name = Debug;
		};
		280BCF131C42A5DD006FF051 /* Release */ = {
			isa = XCBuildConfiguration;
			buildSettings = {
				ALWAYS_SEARCH_USER_PATHS = NO;
				CLANG_CXX_LANGUAGE_STANDARD = "gnu++0x";
				CLANG_CXX_LIBRARY = "libc++";
				CLANG_ENABLE_MODULES = YES;
				CLANG_ENABLE_OBJC_ARC = YES;
				CLANG_WARN_BOOL_CONVERSION = YES;
				CLANG_WARN_CONSTANT_CONVERSION = YES;
				CLANG_WARN_DIRECT_OBJC_ISA_USAGE = YES_ERROR;
				CLANG_WARN_EMPTY_BODY = YES;
				CLANG_WARN_ENUM_CONVERSION = YES;
				CLANG_WARN_INT_CONVERSION = YES;
				CLANG_WARN_OBJC_ROOT_CLASS = YES_ERROR;
				CLANG_WARN_UNREACHABLE_CODE = YES;
				CLANG_WARN__DUPLICATE_METHOD_MATCH = YES;
				"CODE_SIGN_IDENTITY[sdk=iphoneos*]" = "iPhone Developer";
				COPY_PHASE_STRIP = NO;
				DEBUG_INFORMATION_FORMAT = "dwarf-with-dsym";
				ENABLE_NS_ASSERTIONS = NO;
				ENABLE_STRICT_OBJC_MSGSEND = YES;
				GCC_C_LANGUAGE_STANDARD = gnu99;
				GCC_NO_COMMON_BLOCKS = YES;
				GCC_WARN_64_TO_32_BIT_CONVERSION = YES;
				GCC_WARN_ABOUT_RETURN_TYPE = YES_ERROR;
				GCC_WARN_UNDECLARED_SELECTOR = YES;
				GCC_WARN_UNINITIALIZED_AUTOS = YES_AGGRESSIVE;
				GCC_WARN_UNUSED_FUNCTION = YES;
				GCC_WARN_UNUSED_VARIABLE = YES;
				IPHONEOS_DEPLOYMENT_TARGET = 9.1;
				MTL_ENABLE_DEBUG_INFO = NO;
				SDKROOT = iphoneos;
				TARGETED_DEVICE_FAMILY = "1,2";
				VALIDATE_PRODUCT = YES;
			};
			name = Release;
		};
		280BCF151C42A5DD006FF051 /* Debug */ = {
			isa = XCBuildConfiguration;
			buildSettings = {
				ASSETCATALOG_COMPILER_APPICON_NAME = AppIcon;
				INFOPLIST_FILE = testGit/Info.plist;
				LD_RUNPATH_SEARCH_PATHS = "$(inherited) @executable_path/Frameworks";
				PRODUCT_BUNDLE_IDENTIFIER = "-23.testGit";
				PRODUCT_NAME = "$(TARGET_NAME)";
			};
			name = Debug;
		};
		280BCF161C42A5DD006FF051 /* Release */ = {
			isa = XCBuildConfiguration;
			buildSettings = {
				ASSETCATALOG_COMPILER_APPICON_NAME = AppIcon;
				INFOPLIST_FILE = testGit/Info.plist;
				LD_RUNPATH_SEARCH_PATHS = "$(inherited) @executable_path/Frameworks";
				PRODUCT_BUNDLE_IDENTIFIER = "-23.testGit";
				PRODUCT_NAME = "$(TARGET_NAME)";
			};
			name = Release;
		};
		280BCF181C42A5DD006FF051 /* Debug */ = {
			isa = XCBuildConfiguration;
			buildSettings = {
				BUNDLE_LOADER = "$(TEST_HOST)";
				INFOPLIST_FILE = testGitTests/Info.plist;
				LD_RUNPATH_SEARCH_PATHS = "$(inherited) @executable_path/Frameworks @loader_path/Frameworks";
				PRODUCT_BUNDLE_IDENTIFIER = "-23.testGitTests";
				PRODUCT_NAME = "$(TARGET_NAME)";
				TEST_HOST = "$(BUILT_PRODUCTS_DIR)/testGit.app/testGit";
			};
			name = Debug;
		};
		280BCF191C42A5DD006FF051 /* Release */ = {
			isa = XCBuildConfiguration;
			buildSettings = {
				BUNDLE_LOADER = "$(TEST_HOST)";
				INFOPLIST_FILE = testGitTests/Info.plist;
				LD_RUNPATH_SEARCH_PATHS = "$(inherited) @executable_path/Frameworks @loader_path/Frameworks";
				PRODUCT_BUNDLE_IDENTIFIER = "-23.testGitTests";
				PRODUCT_NAME = "$(TARGET_NAME)";
				TEST_HOST = "$(BUILT_PRODUCTS_DIR)/testGit.app/testGit";
			};
			name = Release;
		};
		280BCF1B1C42A5DD006FF051 /* Debug */ = {
			isa = XCBuildConfiguration;
			buildSettings = {
				INFOPLIST_FILE = testGitUITests/Info.plist;
				LD_RUNPATH_SEARCH_PATHS = "$(inherited) @executable_path/Frameworks @loader_path/Frameworks";
				PRODUCT_BUNDLE_IDENTIFIER = "-23.testGitUITests";
				PRODUCT_NAME = "$(TARGET_NAME)";
				TEST_TARGET_NAME = testGit;
				USES_XCTRUNNER = YES;
			};
			name = Debug;
		};
		280BCF1C1C42A5DD006FF051 /* Release */ = {
			isa = XCBuildConfiguration;
			buildSettings = {
				INFOPLIST_FILE = testGitUITests/Info.plist;
				LD_RUNPATH_SEARCH_PATHS = "$(inherited) @executable_path/Frameworks @loader_path/Frameworks";
				PRODUCT_BUNDLE_IDENTIFIER = "-23.testGitUITests";
				PRODUCT_NAME = "$(TARGET_NAME)";
				TEST_TARGET_NAME = testGit;
				USES_XCTRUNNER = YES;
			};
			name = Release;
		};
/* End XCBuildConfiguration section */

/* Begin XCConfigurationList section */
		280BCEE21C42A5DD006FF051 /* Build configuration list for PBXProject "testGit" */ = {
			isa = XCConfigurationList;
			buildConfigurations = (
				280BCF121C42A5DD006FF051 /* Debug */,
				280BCF131C42A5DD006FF051 /* Release */,
			);
			defaultConfigurationIsVisible = 0;
			defaultConfigurationName = Release;
		};
		280BCF141C42A5DD006FF051 /* Build configuration list for PBXNativeTarget "testGit" */ = {
			isa = XCConfigurationList;
			buildConfigurations = (
				280BCF151C42A5DD006FF051 /* Debug */,
				280BCF161C42A5DD006FF051 /* Release */,
			);
			defaultConfigurationIsVisible = 0;
		};
		280BCF171C42A5DD006FF051 /* Build configuration list for PBXNativeTarget "testGitTests" */ = {
			isa = XCConfigurationList;
			buildConfigurations = (
				280BCF181C42A5DD006FF051 /* Debug */,
				280BCF191C42A5DD006FF051 /* Release */,
			);
			defaultConfigurationIsVisible = 0;
		};
		280BCF1A1C42A5DD006FF051 /* Build configuration list for PBXNativeTarget "testGitUITests" */ = {
			isa = XCConfigurationList;
			buildConfigurations = (
				280BCF1B1C42A5DD006FF051 /* Debug */,
				280BCF1C1C42A5DD006FF051 /* Release */,
			);
			defaultConfigurationIsVisible = 0;
		};
/* End XCConfigurationList section */
	};
	rootObject = 280BCEDF1C42A5DD006FF051 /* Project object */;
}
